// !$*UTF8*$!
{
	archiveVersion = 1;
	classes = {
	};
	objectVersion = 56;
	objects = {

/* Begin PBXBuildFile section */
		2F0AC6E62A95201C00F60947 /* LiveViewNative in Frameworks */ = {isa = PBXBuildFile; productRef = 2F0AC6E52A95201C00F60947 /* LiveViewNative */; };
		2F0AC6EB2A95204E00F60947 /* LiveViewNativeLiveForm in Frameworks */ = {isa = PBXBuildFile; productRef = 2F0AC6EA2A95204E00F60947 /* LiveViewNativeLiveForm */; };
		2F9983042A60800400F76113 /* ElixirConfChatApp.swift in Sources */ = {isa = PBXBuildFile; fileRef = 2F9983032A60800400F76113 /* ElixirConfChatApp.swift */; };
		2F9983062A60800400F76113 /* ContentView.swift in Sources */ = {isa = PBXBuildFile; fileRef = 2F9983052A60800400F76113 /* ContentView.swift */; };
		2F9983082A60800500F76113 /* Assets.xcassets in Resources */ = {isa = PBXBuildFile; fileRef = 2F9983072A60800500F76113 /* Assets.xcassets */; };
		2F99830B2A60800500F76113 /* Preview Assets.xcassets in Resources */ = {isa = PBXBuildFile; fileRef = 2F99830A2A60800500F76113 /* Preview Assets.xcassets */; };
		2FE23A482A935ADE00D26178 /* ElixirConfChatMacApp.swift in Sources */ = {isa = PBXBuildFile; fileRef = 2FE23A472A935ADE00D26178 /* ElixirConfChatMacApp.swift */; };
		2FE23A4A2A935ADE00D26178 /* ContentView.swift in Sources */ = {isa = PBXBuildFile; fileRef = 2FE23A492A935ADE00D26178 /* ContentView.swift */; };
		2FE23A4C2A935ADE00D26178 /* Assets.xcassets in Resources */ = {isa = PBXBuildFile; fileRef = 2FE23A4B2A935ADE00D26178 /* Assets.xcassets */; };
		2FE23A4F2A935ADE00D26178 /* Preview Assets.xcassets in Resources */ = {isa = PBXBuildFile; fileRef = 2FE23A4E2A935ADE00D26178 /* Preview Assets.xcassets */; };
/* End PBXBuildFile section */

/* Begin PBXFileReference section */
		2F9983002A60800400F76113 /* ElixirConfChat.app */ = {isa = PBXFileReference; explicitFileType = wrapper.application; includeInIndex = 0; path = ElixirConfChat.app; sourceTree = BUILT_PRODUCTS_DIR; };
		2F9983032A60800400F76113 /* ElixirConfChatApp.swift */ = {isa = PBXFileReference; lastKnownFileType = sourcecode.swift; path = ElixirConfChatApp.swift; sourceTree = "<group>"; };
		2F9983052A60800400F76113 /* ContentView.swift */ = {isa = PBXFileReference; lastKnownFileType = sourcecode.swift; path = ContentView.swift; sourceTree = "<group>"; };
		2F9983072A60800500F76113 /* Assets.xcassets */ = {isa = PBXFileReference; lastKnownFileType = folder.assetcatalog; path = Assets.xcassets; sourceTree = "<group>"; };
		2F99830A2A60800500F76113 /* Preview Assets.xcassets */ = {isa = PBXFileReference; lastKnownFileType = folder.assetcatalog; path = "Preview Assets.xcassets"; sourceTree = "<group>"; };
		2FE23A452A935ADE00D26178 /* ElixirConfChatMac.app */ = {isa = PBXFileReference; explicitFileType = wrapper.application; includeInIndex = 0; path = ElixirConfChatMac.app; sourceTree = BUILT_PRODUCTS_DIR; };
		2FE23A472A935ADE00D26178 /* ElixirConfChatMacApp.swift */ = {isa = PBXFileReference; lastKnownFileType = sourcecode.swift; path = ElixirConfChatMacApp.swift; sourceTree = "<group>"; };
		2FE23A492A935ADE00D26178 /* ContentView.swift */ = {isa = PBXFileReference; lastKnownFileType = sourcecode.swift; path = ContentView.swift; sourceTree = "<group>"; };
		2FE23A4B2A935ADE00D26178 /* Assets.xcassets */ = {isa = PBXFileReference; lastKnownFileType = folder.assetcatalog; path = Assets.xcassets; sourceTree = "<group>"; };
		2FE23A4E2A935ADE00D26178 /* Preview Assets.xcassets */ = {isa = PBXFileReference; lastKnownFileType = folder.assetcatalog; path = "Preview Assets.xcassets"; sourceTree = "<group>"; };
		2FE23A502A935ADE00D26178 /* ElixirConfChatMac.entitlements */ = {isa = PBXFileReference; lastKnownFileType = text.plist.entitlements; path = ElixirConfChatMac.entitlements; sourceTree = "<group>"; };
/* End PBXFileReference section */

/* Begin PBXFrameworksBuildPhase section */
		2F9982FD2A60800400F76113 /* Frameworks */ = {
			isa = PBXFrameworksBuildPhase;
			buildActionMask = 2147483647;
			files = (
				2F0AC6E62A95201C00F60947 /* LiveViewNative in Frameworks */,
				2F0AC6EB2A95204E00F60947 /* LiveViewNativeLiveForm in Frameworks */,
			);
			runOnlyForDeploymentPostprocessing = 0;
		};
		2FE23A422A935ADE00D26178 /* Frameworks */ = {
			isa = PBXFrameworksBuildPhase;
			buildActionMask = 2147483647;
			files = (
			);
			runOnlyForDeploymentPostprocessing = 0;
		};
/* End PBXFrameworksBuildPhase section */

/* Begin PBXGroup section */
		2F9982F72A60800400F76113 = {
			isa = PBXGroup;
			children = (
				2FCBE8252A61D09F004A443D /* Packages */,
				2F9983022A60800400F76113 /* ElixirConfChat */,
				2FE23A462A935ADE00D26178 /* ElixirConfChatMac */,
				2F9983012A60800400F76113 /* Products */,
				2FD3A81E2A82DEF700371EF8 /* Frameworks */,
			);
			sourceTree = "<group>";
		};
		2F9983012A60800400F76113 /* Products */ = {
			isa = PBXGroup;
			children = (
				2F9983002A60800400F76113 /* ElixirConfChat.app */,
				2FE23A452A935ADE00D26178 /* ElixirConfChatMac.app */,
			);
			name = Products;
			sourceTree = "<group>";
		};
		2F9983022A60800400F76113 /* ElixirConfChat */ = {
			isa = PBXGroup;
			children = (
				2F9983032A60800400F76113 /* ElixirConfChatApp.swift */,
				2F9983052A60800400F76113 /* ContentView.swift */,
				2F9983072A60800500F76113 /* Assets.xcassets */,
				2F9983092A60800500F76113 /* Preview Content */,
			);
			path = ElixirConfChat;
			sourceTree = "<group>";
		};
		2F9983092A60800500F76113 /* Preview Content */ = {
			isa = PBXGroup;
			children = (
				2F99830A2A60800500F76113 /* Preview Assets.xcassets */,
			);
			path = "Preview Content";
			sourceTree = "<group>";
		};
		2FCBE8252A61D09F004A443D /* Packages */ = {
			isa = PBXGroup;
			children = (
			);
			name = Packages;
			sourceTree = "<group>";
		};
		2FD3A81E2A82DEF700371EF8 /* Frameworks */ = {
			isa = PBXGroup;
			children = (
			);
			name = Frameworks;
			sourceTree = "<group>";
		};
		2FE23A462A935ADE00D26178 /* ElixirConfChatMac */ = {
			isa = PBXGroup;
			children = (
				2FE23A472A935ADE00D26178 /* ElixirConfChatMacApp.swift */,
				2FE23A492A935ADE00D26178 /* ContentView.swift */,
				2FE23A4B2A935ADE00D26178 /* Assets.xcassets */,
				2FE23A502A935ADE00D26178 /* ElixirConfChatMac.entitlements */,
				2FE23A4D2A935ADE00D26178 /* Preview Content */,
			);
			path = ElixirConfChatMac;
			sourceTree = "<group>";
		};
		2FE23A4D2A935ADE00D26178 /* Preview Content */ = {
			isa = PBXGroup;
			children = (
				2FE23A4E2A935ADE00D26178 /* Preview Assets.xcassets */,
			);
			path = "Preview Content";
			sourceTree = "<group>";
		};
/* End PBXGroup section */

/* Begin PBXNativeTarget section */
		2F9982FF2A60800400F76113 /* ElixirConfChat */ = {
			isa = PBXNativeTarget;
			buildConfigurationList = 2F99830E2A60800500F76113 /* Build configuration list for PBXNativeTarget "ElixirConfChat" */;
			buildPhases = (
				2F9982FC2A60800400F76113 /* Sources */,
				2F9982FD2A60800400F76113 /* Frameworks */,
				2F9982FE2A60800400F76113 /* Resources */,
			);
			buildRules = (
			);
			dependencies = (
			);
			name = ElixirConfChat;
			packageProductDependencies = (
				2F0AC6E52A95201C00F60947 /* LiveViewNative */,
				2F0AC6EA2A95204E00F60947 /* LiveViewNativeLiveForm */,
			);
			productName = ElixirConfChat;
			productReference = 2F9983002A60800400F76113 /* ElixirConfChat.app */;
			productType = "com.apple.product-type.application";
		};
		2FE23A442A935ADE00D26178 /* ElixirConfChatMac */ = {
			isa = PBXNativeTarget;
			buildConfigurationList = 2FE23A512A935ADE00D26178 /* Build configuration list for PBXNativeTarget "ElixirConfChatMac" */;
			buildPhases = (
				2FE23A412A935ADE00D26178 /* Sources */,
				2FE23A422A935ADE00D26178 /* Frameworks */,
				2FE23A432A935ADE00D26178 /* Resources */,
			);
			buildRules = (
			);
			dependencies = (
			);
			name = ElixirConfChatMac;
			packageProductDependencies = (
			);
			productName = ElixirConfChatMac;
			productReference = 2FE23A452A935ADE00D26178 /* ElixirConfChatMac.app */;
			productType = "com.apple.product-type.application";
		};
/* End PBXNativeTarget section */

/* Begin PBXProject section */
		2F9982F82A60800400F76113 /* Project object */ = {
			isa = PBXProject;
			attributes = {
				BuildIndependentTargetsInParallel = 1;
				LastSwiftUpdateCheck = 1430;
				LastUpgradeCheck = 1430;
				TargetAttributes = {
					2F9982FF2A60800400F76113 = {
						CreatedOnToolsVersion = 14.3.1;
					};
					2FE23A442A935ADE00D26178 = {
						CreatedOnToolsVersion = 14.3.1;
					};
				};
			};
			buildConfigurationList = 2F9982FB2A60800400F76113 /* Build configuration list for PBXProject "ElixirconfChat" */;
			compatibilityVersion = "Xcode 14.0";
			developmentRegion = en;
			hasScannedForEncodings = 0;
			knownRegions = (
				en,
				Base,
			);
			mainGroup = 2F9982F72A60800400F76113;
			packageReferences = (
				2F0AC6E42A95201C00F60947 /* XCRemoteSwiftPackageReference "liveview-client-swiftui" */,
				2F0AC6E92A95204E00F60947 /* XCRemoteSwiftPackageReference "liveview-native-live-form" */,
			);
			productRefGroup = 2F9983012A60800400F76113 /* Products */;
			projectDirPath = "";
			projectRoot = "";
			targets = (
				2F9982FF2A60800400F76113 /* ElixirConfChat */,
				2FE23A442A935ADE00D26178 /* ElixirConfChatMac */,
			);
		};
/* End PBXProject section */

/* Begin PBXResourcesBuildPhase section */
		2F9982FE2A60800400F76113 /* Resources */ = {
			isa = PBXResourcesBuildPhase;
			buildActionMask = 2147483647;
			files = (
				2F99830B2A60800500F76113 /* Preview Assets.xcassets in Resources */,
				2F9983082A60800500F76113 /* Assets.xcassets in Resources */,
			);
			runOnlyForDeploymentPostprocessing = 0;
		};
		2FE23A432A935ADE00D26178 /* Resources */ = {
			isa = PBXResourcesBuildPhase;
			buildActionMask = 2147483647;
			files = (
				2FE23A4F2A935ADE00D26178 /* Preview Assets.xcassets in Resources */,
				2FE23A4C2A935ADE00D26178 /* Assets.xcassets in Resources */,
			);
			runOnlyForDeploymentPostprocessing = 0;
		};
/* End PBXResourcesBuildPhase section */

/* Begin PBXSourcesBuildPhase section */
		2F9982FC2A60800400F76113 /* Sources */ = {
			isa = PBXSourcesBuildPhase;
			buildActionMask = 2147483647;
			files = (
				2F9983062A60800400F76113 /* ContentView.swift in Sources */,
				2F9983042A60800400F76113 /* ElixirConfChatApp.swift in Sources */,
			);
			runOnlyForDeploymentPostprocessing = 0;
		};
		2FE23A412A935ADE00D26178 /* Sources */ = {
			isa = PBXSourcesBuildPhase;
			buildActionMask = 2147483647;
			files = (
				2FE23A4A2A935ADE00D26178 /* ContentView.swift in Sources */,
				2FE23A482A935ADE00D26178 /* ElixirConfChatMacApp.swift in Sources */,
			);
			runOnlyForDeploymentPostprocessing = 0;
		};
/* End PBXSourcesBuildPhase section */

/* Begin XCBuildConfiguration section */
		2F99830C2A60800500F76113 /* Debug */ = {
			isa = XCBuildConfiguration;
			buildSettings = {
				ALWAYS_SEARCH_USER_PATHS = NO;
				CLANG_ANALYZER_NONNULL = YES;
				CLANG_ANALYZER_NUMBER_OBJECT_CONVERSION = YES_AGGRESSIVE;
				CLANG_CXX_LANGUAGE_STANDARD = "gnu++20";
				CLANG_ENABLE_MODULES = YES;
				CLANG_ENABLE_OBJC_ARC = YES;
				CLANG_ENABLE_OBJC_WEAK = YES;
				CLANG_WARN_BLOCK_CAPTURE_AUTORELEASING = YES;
				CLANG_WARN_BOOL_CONVERSION = YES;
				CLANG_WARN_COMMA = YES;
				CLANG_WARN_CONSTANT_CONVERSION = YES;
				CLANG_WARN_DEPRECATED_OBJC_IMPLEMENTATIONS = YES;
				CLANG_WARN_DIRECT_OBJC_ISA_USAGE = YES_ERROR;
				CLANG_WARN_DOCUMENTATION_COMMENTS = YES;
				CLANG_WARN_EMPTY_BODY = YES;
				CLANG_WARN_ENUM_CONVERSION = YES;
				CLANG_WARN_INFINITE_RECURSION = YES;
				CLANG_WARN_INT_CONVERSION = YES;
				CLANG_WARN_NON_LITERAL_NULL_CONVERSION = YES;
				CLANG_WARN_OBJC_IMPLICIT_RETAIN_SELF = YES;
				CLANG_WARN_OBJC_LITERAL_CONVERSION = YES;
				CLANG_WARN_OBJC_ROOT_CLASS = YES_ERROR;
				CLANG_WARN_QUOTED_INCLUDE_IN_FRAMEWORK_HEADER = YES;
				CLANG_WARN_RANGE_LOOP_ANALYSIS = YES;
				CLANG_WARN_STRICT_PROTOTYPES = YES;
				CLANG_WARN_SUSPICIOUS_MOVE = YES;
				CLANG_WARN_UNGUARDED_AVAILABILITY = YES_AGGRESSIVE;
				CLANG_WARN_UNREACHABLE_CODE = YES;
				CLANG_WARN__DUPLICATE_METHOD_MATCH = YES;
				COPY_PHASE_STRIP = NO;
				DEBUG_INFORMATION_FORMAT = dwarf;
				ENABLE_STRICT_OBJC_MSGSEND = YES;
				ENABLE_TESTABILITY = YES;
				GCC_C_LANGUAGE_STANDARD = gnu11;
				GCC_DYNAMIC_NO_PIC = NO;
				GCC_NO_COMMON_BLOCKS = YES;
				GCC_OPTIMIZATION_LEVEL = 0;
				GCC_PREPROCESSOR_DEFINITIONS = (
					"DEBUG=1",
					"$(inherited)",
				);
				GCC_WARN_64_TO_32_BIT_CONVERSION = YES;
				GCC_WARN_ABOUT_RETURN_TYPE = YES_ERROR;
				GCC_WARN_UNDECLARED_SELECTOR = YES;
				GCC_WARN_UNINITIALIZED_AUTOS = YES_AGGRESSIVE;
				GCC_WARN_UNUSED_FUNCTION = YES;
				GCC_WARN_UNUSED_VARIABLE = YES;
				INFOPLIST_KEY_CFBundleDisplayName = "ElixirConf Chat";
				IPHONEOS_DEPLOYMENT_TARGET = 16.4;
				MTL_ENABLE_DEBUG_INFO = INCLUDE_SOURCE;
				MTL_FAST_MATH = YES;
				ONLY_ACTIVE_ARCH = YES;
				SDKROOT = iphoneos;
				SWIFT_ACTIVE_COMPILATION_CONDITIONS = DEBUG;
				SWIFT_OPTIMIZATION_LEVEL = "-Onone";
			};
			name = Debug;
		};
		2F99830D2A60800500F76113 /* Release */ = {
			isa = XCBuildConfiguration;
			buildSettings = {
				ALWAYS_SEARCH_USER_PATHS = NO;
				CLANG_ANALYZER_NONNULL = YES;
				CLANG_ANALYZER_NUMBER_OBJECT_CONVERSION = YES_AGGRESSIVE;
				CLANG_CXX_LANGUAGE_STANDARD = "gnu++20";
				CLANG_ENABLE_MODULES = YES;
				CLANG_ENABLE_OBJC_ARC = YES;
				CLANG_ENABLE_OBJC_WEAK = YES;
				CLANG_WARN_BLOCK_CAPTURE_AUTORELEASING = YES;
				CLANG_WARN_BOOL_CONVERSION = YES;
				CLANG_WARN_COMMA = YES;
				CLANG_WARN_CONSTANT_CONVERSION = YES;
				CLANG_WARN_DEPRECATED_OBJC_IMPLEMENTATIONS = YES;
				CLANG_WARN_DIRECT_OBJC_ISA_USAGE = YES_ERROR;
				CLANG_WARN_DOCUMENTATION_COMMENTS = YES;
				CLANG_WARN_EMPTY_BODY = YES;
				CLANG_WARN_ENUM_CONVERSION = YES;
				CLANG_WARN_INFINITE_RECURSION = YES;
				CLANG_WARN_INT_CONVERSION = YES;
				CLANG_WARN_NON_LITERAL_NULL_CONVERSION = YES;
				CLANG_WARN_OBJC_IMPLICIT_RETAIN_SELF = YES;
				CLANG_WARN_OBJC_LITERAL_CONVERSION = YES;
				CLANG_WARN_OBJC_ROOT_CLASS = YES_ERROR;
				CLANG_WARN_QUOTED_INCLUDE_IN_FRAMEWORK_HEADER = YES;
				CLANG_WARN_RANGE_LOOP_ANALYSIS = YES;
				CLANG_WARN_STRICT_PROTOTYPES = YES;
				CLANG_WARN_SUSPICIOUS_MOVE = YES;
				CLANG_WARN_UNGUARDED_AVAILABILITY = YES_AGGRESSIVE;
				CLANG_WARN_UNREACHABLE_CODE = YES;
				CLANG_WARN__DUPLICATE_METHOD_MATCH = YES;
				COPY_PHASE_STRIP = NO;
				DEBUG_INFORMATION_FORMAT = "dwarf-with-dsym";
				ENABLE_NS_ASSERTIONS = NO;
				ENABLE_STRICT_OBJC_MSGSEND = YES;
				GCC_C_LANGUAGE_STANDARD = gnu11;
				GCC_NO_COMMON_BLOCKS = YES;
				GCC_WARN_64_TO_32_BIT_CONVERSION = YES;
				GCC_WARN_ABOUT_RETURN_TYPE = YES_ERROR;
				GCC_WARN_UNDECLARED_SELECTOR = YES;
				GCC_WARN_UNINITIALIZED_AUTOS = YES_AGGRESSIVE;
				GCC_WARN_UNUSED_FUNCTION = YES;
				GCC_WARN_UNUSED_VARIABLE = YES;
				INFOPLIST_KEY_CFBundleDisplayName = "ElixirConf Chat";
				IPHONEOS_DEPLOYMENT_TARGET = 16.4;
				MTL_ENABLE_DEBUG_INFO = NO;
				MTL_FAST_MATH = YES;
				SDKROOT = iphoneos;
				SWIFT_COMPILATION_MODE = wholemodule;
				SWIFT_OPTIMIZATION_LEVEL = "-O";
				VALIDATE_PRODUCT = YES;
			};
			name = Release;
		};
		2F99830F2A60800500F76113 /* Debug */ = {
			isa = XCBuildConfiguration;
			buildSettings = {
				ASSETCATALOG_COMPILER_APPICON_NAME = AppIcon;
				ASSETCATALOG_COMPILER_GLOBAL_ACCENT_COLOR_NAME = elixirpurple;
				CODE_SIGN_STYLE = Automatic;
				CURRENT_PROJECT_VERSION = 3;
				DEVELOPMENT_ASSET_PATHS = "\"ElixirConfChat/Preview Content\"";
				DEVELOPMENT_TEAM = 8YF596VCP4;
				ENABLE_PREVIEWS = YES;
				GENERATE_INFOPLIST_FILE = YES;
				INFOPLIST_KEY_CFBundleDisplayName = "ElixirConf Chat";
				INFOPLIST_KEY_UIApplicationSceneManifest_Generation = YES;
				INFOPLIST_KEY_UIApplicationSupportsIndirectInputEvents = YES;
				INFOPLIST_KEY_UILaunchScreen_Generation = YES;
				INFOPLIST_KEY_UISupportedInterfaceOrientations_iPad = "UIInterfaceOrientationPortrait UIInterfaceOrientationPortraitUpsideDown UIInterfaceOrientationLandscapeLeft UIInterfaceOrientationLandscapeRight";
				INFOPLIST_KEY_UISupportedInterfaceOrientations_iPhone = "UIInterfaceOrientationPortrait UIInterfaceOrientationLandscapeLeft UIInterfaceOrientationLandscapeRight";
				LD_RUNPATH_SEARCH_PATHS = (
					"$(inherited)",
					"@executable_path/Frameworks",
				);
				MARKETING_VERSION = 1.0;
				PRODUCT_BUNDLE_IDENTIFIER = com.dockyard.ElixirConf2023Chat;
				PRODUCT_NAME = "$(TARGET_NAME)";
				SWIFT_EMIT_LOC_STRINGS = YES;
				SWIFT_VERSION = 5.0;
				TARGETED_DEVICE_FAMILY = "1,2";
			};
			name = Debug;
		};
		2F9983102A60800500F76113 /* Release */ = {
			isa = XCBuildConfiguration;
			buildSettings = {
				ASSETCATALOG_COMPILER_APPICON_NAME = AppIcon;
				ASSETCATALOG_COMPILER_GLOBAL_ACCENT_COLOR_NAME = elixirpurple;
				CODE_SIGN_STYLE = Automatic;
				CURRENT_PROJECT_VERSION = 3;
				DEVELOPMENT_ASSET_PATHS = "\"ElixirConfChat/Preview Content\"";
				DEVELOPMENT_TEAM = 8YF596VCP4;
				ENABLE_PREVIEWS = YES;
				GENERATE_INFOPLIST_FILE = YES;
				INFOPLIST_KEY_CFBundleDisplayName = "ElixirConf Chat";
				INFOPLIST_KEY_UIApplicationSceneManifest_Generation = YES;
				INFOPLIST_KEY_UIApplicationSupportsIndirectInputEvents = YES;
				INFOPLIST_KEY_UILaunchScreen_Generation = YES;
				INFOPLIST_KEY_UISupportedInterfaceOrientations_iPad = "UIInterfaceOrientationPortrait UIInterfaceOrientationPortraitUpsideDown UIInterfaceOrientationLandscapeLeft UIInterfaceOrientationLandscapeRight";
				INFOPLIST_KEY_UISupportedInterfaceOrientations_iPhone = "UIInterfaceOrientationPortrait UIInterfaceOrientationLandscapeLeft UIInterfaceOrientationLandscapeRight";
				LD_RUNPATH_SEARCH_PATHS = (
					"$(inherited)",
					"@executable_path/Frameworks",
				);
				MARKETING_VERSION = 1.0;
				PRODUCT_BUNDLE_IDENTIFIER = com.dockyard.ElixirConf2023Chat;
				PRODUCT_NAME = "$(TARGET_NAME)";
				SWIFT_EMIT_LOC_STRINGS = YES;
				SWIFT_VERSION = 5.0;
				TARGETED_DEVICE_FAMILY = "1,2";
			};
			name = Release;
		};
		2FE23A522A935ADE00D26178 /* Debug */ = {
			isa = XCBuildConfiguration;
			buildSettings = {
				ASSETCATALOG_COMPILER_APPICON_NAME = AppIcon;
				ASSETCATALOG_COMPILER_GLOBAL_ACCENT_COLOR_NAME = AccentColor;
				CODE_SIGN_ENTITLEMENTS = ElixirConfChatMac/ElixirConfChatMac.entitlements;
				CODE_SIGN_STYLE = Automatic;
				COMBINE_HIDPI_IMAGES = YES;
				CURRENT_PROJECT_VERSION = 1;
				DEVELOPMENT_ASSET_PATHS = "\"ElixirConfChatMac/Preview Content\"";
				ENABLE_PREVIEWS = YES;
				GENERATE_INFOPLIST_FILE = YES;
				INFOPLIST_KEY_NSHumanReadableCopyright = "";
				LD_RUNPATH_SEARCH_PATHS = (
					"$(inherited)",
					"@executable_path/../Frameworks",
				);
				MACOSX_DEPLOYMENT_TARGET = 13.3;
				MARKETING_VERSION = 1.0;
				PRODUCT_BUNDLE_IDENTIFIER = com.dockyard.ElixirConfChatMac;
				PRODUCT_NAME = "$(TARGET_NAME)";
				SDKROOT = macosx;
				SWIFT_EMIT_LOC_STRINGS = YES;
				SWIFT_VERSION = 5.0;
			};
			name = Debug;
		};
		2FE23A532A935ADE00D26178 /* Release */ = {
			isa = XCBuildConfiguration;
			buildSettings = {
				ASSETCATALOG_COMPILER_APPICON_NAME = AppIcon;
				ASSETCATALOG_COMPILER_GLOBAL_ACCENT_COLOR_NAME = AccentColor;
				CODE_SIGN_ENTITLEMENTS = ElixirConfChatMac/ElixirConfChatMac.entitlements;
				CODE_SIGN_STYLE = Automatic;
				COMBINE_HIDPI_IMAGES = YES;
				CURRENT_PROJECT_VERSION = 1;
				DEVELOPMENT_ASSET_PATHS = "\"ElixirConfChatMac/Preview Content\"";
				ENABLE_PREVIEWS = YES;
				GENERATE_INFOPLIST_FILE = YES;
				INFOPLIST_KEY_NSHumanReadableCopyright = "";
				LD_RUNPATH_SEARCH_PATHS = (
					"$(inherited)",
					"@executable_path/../Frameworks",
				);
				MACOSX_DEPLOYMENT_TARGET = 13.3;
				MARKETING_VERSION = 1.0;
				PRODUCT_BUNDLE_IDENTIFIER = com.dockyard.ElixirConfChatMac;
				PRODUCT_NAME = "$(TARGET_NAME)";
				SDKROOT = macosx;
				SWIFT_EMIT_LOC_STRINGS = YES;
				SWIFT_VERSION = 5.0;
			};
			name = Release;
		};
/* End XCBuildConfiguration section */

/* Begin XCConfigurationList section */
		2F9982FB2A60800400F76113 /* Build configuration list for PBXProject "ElixirconfChat" */ = {
			isa = XCConfigurationList;
			buildConfigurations = (
				2F99830C2A60800500F76113 /* Debug */,
				2F99830D2A60800500F76113 /* Release */,
			);
			defaultConfigurationIsVisible = 0;
			defaultConfigurationName = Release;
		};
		2F99830E2A60800500F76113 /* Build configuration list for PBXNativeTarget "ElixirConfChat" */ = {
			isa = XCConfigurationList;
			buildConfigurations = (
				2F99830F2A60800500F76113 /* Debug */,
				2F9983102A60800500F76113 /* Release */,
			);
			defaultConfigurationIsVisible = 0;
			defaultConfigurationName = Release;
		};
		2FE23A512A935ADE00D26178 /* Build configuration list for PBXNativeTarget "ElixirConfChatMac" */ = {
			isa = XCConfigurationList;
			buildConfigurations = (
				2FE23A522A935ADE00D26178 /* Debug */,
				2FE23A532A935ADE00D26178 /* Release */,
			);
			defaultConfigurationIsVisible = 0;
			defaultConfigurationName = Release;
		};
/* End XCConfigurationList section */

/* Begin XCRemoteSwiftPackageReference section */
		2F0AC6E42A95201C00F60947 /* XCRemoteSwiftPackageReference "liveview-client-swiftui" */ = {
			isa = XCRemoteSwiftPackageReference;
			repositoryURL = "https://github.com/liveview-native/liveview-client-swiftui";
			requirement = {
				branch = main;
				kind = branch;
			};
		};
		2F0AC6E92A95204E00F60947 /* XCRemoteSwiftPackageReference "liveview-native-live-form" */ = {
			isa = XCRemoteSwiftPackageReference;
			repositoryURL = "https://github.com/liveview-native/liveview-native-live-form";
			requirement = {
				branch = main;
				kind = branch;
			};
		};
/* End XCRemoteSwiftPackageReference section */

/* Begin XCSwiftPackageProductDependency section */
		2F0AC6E52A95201C00F60947 /* LiveViewNative */ = {
			isa = XCSwiftPackageProductDependency;
			package = 2F0AC6E42A95201C00F60947 /* XCRemoteSwiftPackageReference "liveview-client-swiftui" */;
			productName = LiveViewNative;
		};
		2F0AC6EA2A95204E00F60947 /* LiveViewNativeLiveForm */ = {
			isa = XCSwiftPackageProductDependency;
			package = 2F0AC6E92A95204E00F60947 /* XCRemoteSwiftPackageReference "liveview-native-live-form" */;
			productName = LiveViewNativeLiveForm;
		};
/* End XCSwiftPackageProductDependency section */
	};
	rootObject = 2F9982F82A60800400F76113 /* Project object */;
}
